{
  "version": 4,
  "terraform_version": "1.12.1",
  "serial": 9,
  "lineage": "4dfcfb5b-b918-7f35-f452-642d81a2b8ce",
  "outputs": {
    "instance_public_dns": {
      "value": "ec2-13-51-171-108.eu-north-1.compute.amazonaws.com",
      "type": "string"
    },
    "instance_public_ip": {
      "value": "13.51.171.108",
      "type": "string"
    },
    "subnet_id": {
      "value": "subnet-0d0e2eae2a7414a40",
      "type": "string"
    },
    "vpc_id": {
      "value": "vpc-090435532fc9ce007",
      "type": "string"
    }
  },
  "resources": [
    {
      "mode": "data",
      "type": "aws_secretsmanager_secret",
      "name": "admin_key",
      "provider": "provider[\"registry.terraform.io/hashicorp/aws\"]",
      "instances": [
        {
          "schema_version": 0,
          "attributes": {
            "arn": "arn:aws:secretsmanager:eu-north-1:579463923820:secret:weather-app-admin-FK7lXz",
            "created_date": "2025-06-03T20:14:32Z",
            "description": "SSH public key for app-admin",
            "id": "arn:aws:secretsmanager:eu-north-1:579463923820:secret:weather-app-admin-FK7lXz",
            "kms_key_id": "",
            "last_changed_date": "2025-06-03T20:14:32Z",
            "name": "weather-app-admin",
            "policy": "",
            "tags": {}
          },
          "sensitive_attributes": [],
          "identity_schema_version": 0
        }
      ]
    },
    {
      "mode": "data",
      "type": "aws_secretsmanager_secret",
      "name": "client_key",
      "provider": "provider[\"registry.terraform.io/hashicorp/aws\"]",
      "instances": [
        {
          "schema_version": 0,
          "attributes": {
            "arn": "arn:aws:secretsmanager:eu-north-1:579463923820:secret:eficode-access-qEEeiC",
            "created_date": "2025-06-02T17:47:58Z",
            "description": "eficode access to ec2 instance",
            "id": "arn:aws:secretsmanager:eu-north-1:579463923820:secret:eficode-access-qEEeiC",
            "kms_key_id": "",
            "last_changed_date": "2025-06-02T17:47:58Z",
            "name": "eficode-access",
            "policy": "",
            "tags": {}
          },
          "sensitive_attributes": [],
          "identity_schema_version": 0
        }
      ]
    },
    {
      "mode": "data",
      "type": "aws_secretsmanager_secret_version",
      "name": "admin_key_version",
      "provider": "provider[\"registry.terraform.io/hashicorp/aws\"]",
      "instances": [
        {
          "schema_version": 0,
          "attributes": {
            "arn": "arn:aws:secretsmanager:eu-north-1:579463923820:secret:weather-app-admin-FK7lXz",
            "created_date": "2025-06-03T20:14:32Z",
            "id": "arn:aws:secretsmanager:eu-north-1:579463923820:secret:weather-app-admin-FK7lXz|AWSCURRENT",
            "secret_binary": "",
            "secret_id": "arn:aws:secretsmanager:eu-north-1:579463923820:secret:weather-app-admin-FK7lXz",
            "secret_string": "ssh-rsa AAAAB3NzaC1yc2EAAAADAQABAAACAQCwFGlw7pFw667vVHhit2skVBSBlStr9AIR+OQEMdmsX1dbzI77b3J/36MrVstED0xBnaai1gHhXuPJ08V5NUeJY5dwDa1vwPsn9WwQcAf+Vd1JxI+qICxyIOgLuKJGKEDeVB4G39HdB5nosBPoTlEYW2BjLFI1gtaVvjLrpYtIuBqU7ZgW+9kZEwHI3ocwubkscEO15UOuXwDan67Bvp5yoLYfHa8nwzfkncG6mrLGvvlOEGTXm0j7YPw7FqrMLWqmAp2OY0tjtkrrIhnGeoaikyZLZ3iq1YN4gBNRgYWsFao/qx1Wrd4LffxmWCkbTjrH7FwYyilMSLec2nibzxPoofl8r6/JQ8VmOi/dlpmtEUvgfPRfm2HzAwIe5hp57AoUjnFSKHQG9wDr2KdaliYrW9UJfQXuKTf+JuhLnmXOF7hxvdjraEI7pYvx4HO9oSW5jbdDMCUbjdA5AMBGyOrp70+ZffJBaN298Xe+oo7bhyL7OF/pici4v8khtcflbn4N0d9pXimtZBJObZh8tP5UcmR/p65vJ3moIEaiRqEKqnmFAjmdx35KYYCYY75qO4XKXMEthC9Yrfb7S4DE4l0r5Lzd7sTK2k/wBN/k3sPL5ly50ldkMw71fDJkUmA9VfxI2i+lP/Y8Yc5CRsHqfyblk/HZJ66GRq2djpptkwiDaQ== phil@fedora",
            "version_id": "9283946e-5bac-4774-8808-42e0d31b7588",
            "version_stage": "AWSCURRENT",
            "version_stages": [
              "AWSCURRENT"
            ]
          },
          "sensitive_attributes": [
            [
              {
                "type": "get_attr",
                "value": "secret_binary"
              }
            ],
            [
              {
                "type": "get_attr",
                "value": "secret_string"
              }
            ]
          ],
          "identity_schema_version": 0
        }
      ]
    },
    {
      "mode": "data",
      "type": "aws_secretsmanager_secret_version",
      "name": "client_key_version",
      "provider": "provider[\"registry.terraform.io/hashicorp/aws\"]",
      "instances": [
        {
          "schema_version": 0,
          "attributes": {
            "arn": "arn:aws:secretsmanager:eu-north-1:579463923820:secret:eficode-access-qEEeiC",
            "created_date": "2025-06-02T17:47:58Z",
            "id": "arn:aws:secretsmanager:eu-north-1:579463923820:secret:eficode-access-qEEeiC|AWSCURRENT",
            "secret_binary": "",
            "secret_id": "arn:aws:secretsmanager:eu-north-1:579463923820:secret:eficode-access-qEEeiC",
            "secret_string": "{\"eficode\":\"ssh-rsa AAAAB3NzaC1yc2EAAAADAQABAAABgQCtNZinGiD0w3ofADcV+V1k6t/2en2M/1h7nxG4biwmI2pyrk/32Lc0Oz3q3olpkz9/Dfa7oHuUCKbjkX1kwLx5AA6Zk3TSqx5efBwhlCnHjB8WTLgwNgg980PvdTvDdQhAJfV+pDrdSOiLgDdchS6HQkCmdEupdMI9qYf+hsgWb5BYyWb89JN04uC8rmhLiLEpIyj5NlOwRRfvqeTb/kLHs+DFrYe6OWRlh/T0UnXfrdfNROjCCuf/9WqitDP+QLS2mQwt8yySImDe061DtkqprfL/+d7lRzdMcM2RCKt41I2co7Tr8sy+ihganPIoZw0nNUeO9ZmirXDb83oWOC8AzvXlIyZHTA58TeO5sIQgQ1cawlXqCpOxlN3gbQNdESlD/+ltFefRNKmQBPaa6g+PDZ4nFlhxkE/CX46SFIxQDoWW3IqmiUj0LWPE3P7BS5nV23kPWroiNuJwYqXfTW9dwabPsV27WUuZiGFfVT8FbnmLpnOhEks+Razd+yiFMh8=\"}",
            "version_id": "d6f7d362-3c84-41ce-badd-db9f4e18fa3b",
            "version_stage": "AWSCURRENT",
            "version_stages": [
              "AWSCURRENT"
            ]
          },
          "sensitive_attributes": [
            [
              {
                "type": "get_attr",
                "value": "secret_binary"
              }
            ],
            [
              {
                "type": "get_attr",
                "value": "secret_string"
              }
            ]
          ],
          "identity_schema_version": 0
        }
      ]
    },
    {
      "mode": "managed",
      "type": "aws_instance",
      "name": "host",
      "provider": "provider[\"registry.terraform.io/hashicorp/aws\"]",
      "instances": [
        {
          "schema_version": 1,
          "attributes": {
            "ami": "ami-05d3e0186c058c4dd",
            "arn": "arn:aws:ec2:eu-north-1:579463923820:instance/i-0abd3610befc3b1d7",
            "associate_public_ip_address": true,
            "availability_zone": "eu-north-1a",
            "capacity_reservation_specification": [
              {
                "capacity_reservation_preference": "open",
                "capacity_reservation_target": []
              }
            ],
            "cpu_core_count": 1,
            "cpu_options": [
              {
                "amd_sev_snp": "",
                "core_count": 1,
                "threads_per_core": 2
              }
            ],
            "cpu_threads_per_core": 2,
            "credit_specification": [
              {
                "cpu_credits": "unlimited"
              }
            ],
            "disable_api_stop": false,
            "disable_api_termination": false,
            "ebs_block_device": [],
            "ebs_optimized": false,
            "enable_primary_ipv6": null,
            "enclave_options": [
              {
                "enabled": false
              }
            ],
            "ephemeral_block_device": [],
            "get_password_data": false,
            "hibernation": false,
            "host_id": "",
            "host_resource_group_arn": null,
            "iam_instance_profile": "",
            "id": "i-0abd3610befc3b1d7",
            "instance_initiated_shutdown_behavior": "stop",
            "instance_lifecycle": "",
            "instance_market_options": [],
            "instance_state": "running",
            "instance_type": "t3.micro",
            "ipv6_address_count": 0,
            "ipv6_addresses": [],
            "key_name": "weather-app-admin",
            "launch_template": [],
            "maintenance_options": [
              {
                "auto_recovery": "default"
              }
            ],
            "metadata_options": [
              {
                "http_endpoint": "enabled",
                "http_protocol_ipv6": "disabled",
                "http_put_response_hop_limit": 2,
                "http_tokens": "required",
                "instance_metadata_tags": "disabled"
              }
            ],
            "monitoring": false,
            "network_interface": [],
            "outpost_arn": "",
            "password_data": "",
            "placement_group": "",
            "placement_partition_number": 0,
            "primary_network_interface_id": "eni-0f76d760b42d181ae",
            "private_dns": "ip-10-0-1-47.eu-north-1.compute.internal",
            "private_dns_name_options": [
              {
                "enable_resource_name_dns_a_record": false,
                "enable_resource_name_dns_aaaa_record": false,
                "hostname_type": "ip-name"
              }
            ],
            "private_ip": "10.0.1.47",
            "public_dns": "ec2-13-51-171-108.eu-north-1.compute.amazonaws.com",
            "public_ip": "13.51.171.108",
            "root_block_device": [
              {
                "delete_on_termination": true,
                "device_name": "/dev/sda1",
                "encrypted": false,
                "iops": 3000,
                "kms_key_id": "",
                "tags": {},
                "tags_all": {},
                "throughput": 125,
                "volume_id": "vol-0fb3ce865f41b3d81",
                "volume_size": 8,
                "volume_type": "gp3"
              }
            ],
            "secondary_private_ips": [],
            "security_groups": [],
            "source_dest_check": true,
            "spot_instance_request_id": "",
            "subnet_id": "subnet-0d0e2eae2a7414a40",
            "tags": {
              "Environment": "development",
              "Name": "weatherapp-instance"
            },
            "tags_all": {
              "Environment": "development",
              "Name": "weatherapp-instance"
            },
            "tenancy": "default",
            "timeouts": null,
            "user_data": "96da516905f8152b54565edafea2ecc6825019e4",
            "user_data_base64": null,
            "user_data_replace_on_change": false,
            "volume_tags": null,
            "vpc_security_group_ids": [
              "sg-0ad9addec833d26c5"
            ]
          },
          "sensitive_attributes": [
            [
              {
                "type": "get_attr",
                "value": "user_data"
              }
            ]
          ],
          "identity_schema_version": 0,
          "private": "eyJlMmJmYjczMC1lY2FhLTExZTYtOGY4OC0zNDM2M2JjN2M0YzAiOnsiY3JlYXRlIjo2MDAwMDAwMDAwMDAsImRlbGV0ZSI6MTIwMDAwMDAwMDAwMCwicmVhZCI6OTAwMDAwMDAwMDAwLCJ1cGRhdGUiOjYwMDAwMDAwMDAwMH0sInNjaGVtYV92ZXJzaW9uIjoiMSJ9",
          "dependencies": [
            "aws_key_pair.admin_keypair",
            "aws_security_group.ssh_http",
            "aws_subnet.main",
            "aws_vpc.main",
            "data.aws_secretsmanager_secret.admin_key",
            "data.aws_secretsmanager_secret.client_key",
            "data.aws_secretsmanager_secret_version.admin_key_version",
            "data.aws_secretsmanager_secret_version.client_key_version"
          ]
        }
      ]
    },
    {
      "mode": "managed",
      "type": "aws_internet_gateway",
      "name": "gw",
      "provider": "provider[\"registry.terraform.io/hashicorp/aws\"]",
      "instances": [
        {
          "schema_version": 0,
          "attributes": {
            "arn": "arn:aws:ec2:eu-north-1:579463923820:internet-gateway/igw-001ee71323e323c95",
            "id": "igw-001ee71323e323c95",
            "owner_id": "579463923820",
            "tags": {
              "Name": "weatherapp-igw"
            },
            "tags_all": {
              "Name": "weatherapp-igw"
            },
            "timeouts": null,
            "vpc_id": "vpc-090435532fc9ce007"
          },
          "sensitive_attributes": [],
          "identity_schema_version": 0,
          "private": "eyJlMmJmYjczMC1lY2FhLTExZTYtOGY4OC0zNDM2M2JjN2M0YzAiOnsiY3JlYXRlIjoxMjAwMDAwMDAwMDAwLCJkZWxldGUiOjEyMDAwMDAwMDAwMDAsInVwZGF0ZSI6MTIwMDAwMDAwMDAwMH19",
          "dependencies": [
            "aws_vpc.main"
          ]
        }
      ]
    },
    {
      "mode": "managed",
      "type": "aws_key_pair",
      "name": "admin_keypair",
      "provider": "provider[\"registry.terraform.io/hashicorp/aws\"]",
      "instances": [
        {
          "schema_version": 1,
          "attributes": {
            "arn": "arn:aws:ec2:eu-north-1:579463923820:key-pair/weather-app-admin",
            "fingerprint": "d8:27:9d:5e:48:59:f7:c5:4a:54:2f:e5:61:ed:c8:68",
            "id": "weather-app-admin",
            "key_name": "weather-app-admin",
            "key_name_prefix": "",
            "key_pair_id": "key-0897ac9ecd8e95890",
            "key_type": "rsa",
            "public_key": "ssh-rsa AAAAB3NzaC1yc2EAAAADAQABAAACAQCwFGlw7pFw667vVHhit2skVBSBlStr9AIR+OQEMdmsX1dbzI77b3J/36MrVstED0xBnaai1gHhXuPJ08V5NUeJY5dwDa1vwPsn9WwQcAf+Vd1JxI+qICxyIOgLuKJGKEDeVB4G39HdB5nosBPoTlEYW2BjLFI1gtaVvjLrpYtIuBqU7ZgW+9kZEwHI3ocwubkscEO15UOuXwDan67Bvp5yoLYfHa8nwzfkncG6mrLGvvlOEGTXm0j7YPw7FqrMLWqmAp2OY0tjtkrrIhnGeoaikyZLZ3iq1YN4gBNRgYWsFao/qx1Wrd4LffxmWCkbTjrH7FwYyilMSLec2nibzxPoofl8r6/JQ8VmOi/dlpmtEUvgfPRfm2HzAwIe5hp57AoUjnFSKHQG9wDr2KdaliYrW9UJfQXuKTf+JuhLnmXOF7hxvdjraEI7pYvx4HO9oSW5jbdDMCUbjdA5AMBGyOrp70+ZffJBaN298Xe+oo7bhyL7OF/pici4v8khtcflbn4N0d9pXimtZBJObZh8tP5UcmR/p65vJ3moIEaiRqEKqnmFAjmdx35KYYCYY75qO4XKXMEthC9Yrfb7S4DE4l0r5Lzd7sTK2k/wBN/k3sPL5ly50ldkMw71fDJkUmA9VfxI2i+lP/Y8Yc5CRsHqfyblk/HZJ66GRq2djpptkwiDaQ== phil@fedora",
            "tags": {
              "Name": "app-admin-keypair"
            },
            "tags_all": {
              "Name": "app-admin-keypair"
            }
          },
          "sensitive_attributes": [
            [
              {
                "type": "get_attr",
                "value": "public_key"
              }
            ]
          ],
          "identity_schema_version": 0,
          "private": "eyJzY2hlbWFfdmVyc2lvbiI6IjEifQ==",
          "dependencies": [
            "data.aws_secretsmanager_secret.admin_key",
            "data.aws_secretsmanager_secret_version.admin_key_version"
          ]
        }
      ]
    },
    {
      "mode": "managed",
      "type": "aws_route_table",
      "name": "rt",
      "provider": "provider[\"registry.terraform.io/hashicorp/aws\"]",
      "instances": [
        {
          "schema_version": 0,
          "attributes": {
            "arn": "arn:aws:ec2:eu-north-1:579463923820:route-table/rtb-05ababe8293549827",
            "id": "rtb-05ababe8293549827",
            "owner_id": "579463923820",
            "propagating_vgws": [],
            "route": [
              {
                "carrier_gateway_id": "",
                "cidr_block": "0.0.0.0/0",
                "core_network_arn": "",
                "destination_prefix_list_id": "",
                "egress_only_gateway_id": "",
                "gateway_id": "igw-001ee71323e323c95",
                "ipv6_cidr_block": "",
                "local_gateway_id": "",
                "nat_gateway_id": "",
                "network_interface_id": "",
                "transit_gateway_id": "",
                "vpc_endpoint_id": "",
                "vpc_peering_connection_id": ""
              }
            ],
            "tags": {
              "Name": "weatherapp-rt"
            },
            "tags_all": {
              "Name": "weatherapp-rt"
            },
            "timeouts": null,
            "vpc_id": "vpc-090435532fc9ce007"
          },
          "sensitive_attributes": [],
          "identity_schema_version": 0,
          "private": "eyJlMmJmYjczMC1lY2FhLTExZTYtOGY4OC0zNDM2M2JjN2M0YzAiOnsiY3JlYXRlIjozMDAwMDAwMDAwMDAsImRlbGV0ZSI6MzAwMDAwMDAwMDAwLCJ1cGRhdGUiOjEyMDAwMDAwMDAwMH19",
          "dependencies": [
            "aws_internet_gateway.gw",
            "aws_vpc.main"
          ]
        }
      ]
    },
    {
      "mode": "managed",
      "type": "aws_route_table_association",
      "name": "a",
      "provider": "provider[\"registry.terraform.io/hashicorp/aws\"]",
      "instances": [
        {
          "schema_version": 0,
          "attributes": {
            "gateway_id": "",
            "id": "rtbassoc-0127e6b0d439c00e3",
            "route_table_id": "rtb-05ababe8293549827",
            "subnet_id": "subnet-0d0e2eae2a7414a40",
            "timeouts": null
          },
          "sensitive_attributes": [],
          "identity_schema_version": 0,
          "private": "eyJlMmJmYjczMC1lY2FhLTExZTYtOGY4OC0zNDM2M2JjN2M0YzAiOnsiY3JlYXRlIjozMDAwMDAwMDAwMDAsImRlbGV0ZSI6MzAwMDAwMDAwMDAwLCJ1cGRhdGUiOjEyMDAwMDAwMDAwMH19",
          "dependencies": [
            "aws_internet_gateway.gw",
            "aws_route_table.rt",
            "aws_subnet.main",
            "aws_vpc.main"
          ]
        }
      ]
    },
    {
      "mode": "managed",
      "type": "aws_security_group",
      "name": "ssh_http",
      "provider": "provider[\"registry.terraform.io/hashicorp/aws\"]",
      "instances": [
        {
          "schema_version": 1,
          "attributes": {
            "arn": "arn:aws:ec2:eu-north-1:579463923820:security-group/sg-0ad9addec833d26c5",
            "description": "Allow SSH and HTTP",
            "egress": [
              {
                "cidr_blocks": [
                  "0.0.0.0/0"
                ],
                "description": "",
                "from_port": 0,
                "ipv6_cidr_blocks": [],
                "prefix_list_ids": [],
                "protocol": "-1",
                "security_groups": [],
                "self": false,
                "to_port": 0
              }
            ],
            "id": "sg-0ad9addec833d26c5",
            "ingress": [
              {
                "cidr_blocks": [
                  "0.0.0.0/0"
                ],
                "description": "HTTP",
                "from_port": 80,
                "ipv6_cidr_blocks": [],
                "prefix_list_ids": [],
                "protocol": "tcp",
                "security_groups": [],
                "self": false,
                "to_port": 80
              },
              {
                "cidr_blocks": [
                  "0.0.0.0/0"
                ],
                "description": "SSH",
                "from_port": 22,
                "ipv6_cidr_blocks": [],
                "prefix_list_ids": [],
                "protocol": "tcp",
                "security_groups": [],
                "self": false,
                "to_port": 22
              }
            ],
            "name": "weatherapp-sg",
            "name_prefix": "",
            "owner_id": "579463923820",
            "revoke_rules_on_delete": false,
            "tags": {
              "Name": "weatherapp-sg"
            },
            "tags_all": {
              "Name": "weatherapp-sg"
            },
            "timeouts": null,
            "vpc_id": "vpc-090435532fc9ce007"
          },
          "sensitive_attributes": [],
          "identity_schema_version": 0,
          "private": "eyJlMmJmYjczMC1lY2FhLTExZTYtOGY4OC0zNDM2M2JjN2M0YzAiOnsiY3JlYXRlIjo2MDAwMDAwMDAwMDAsImRlbGV0ZSI6OTAwMDAwMDAwMDAwfSwic2NoZW1hX3ZlcnNpb24iOiIxIn0=",
          "dependencies": [
            "aws_vpc.main"
          ]
        }
      ]
    },
    {
      "mode": "managed",
      "type": "aws_subnet",
      "name": "main",
      "provider": "provider[\"registry.terraform.io/hashicorp/aws\"]",
      "instances": [
        {
          "schema_version": 1,
          "attributes": {
            "arn": "arn:aws:ec2:eu-north-1:579463923820:subnet/subnet-0d0e2eae2a7414a40",
            "assign_ipv6_address_on_creation": false,
            "availability_zone": "eu-north-1a",
            "availability_zone_id": "eun1-az1",
            "cidr_block": "10.0.1.0/24",
            "customer_owned_ipv4_pool": "",
            "enable_dns64": false,
            "enable_lni_at_device_index": 0,
            "enable_resource_name_dns_a_record_on_launch": false,
            "enable_resource_name_dns_aaaa_record_on_launch": false,
            "id": "subnet-0d0e2eae2a7414a40",
            "ipv6_cidr_block": "",
            "ipv6_cidr_block_association_id": "",
            "ipv6_native": false,
            "map_customer_owned_ip_on_launch": false,
            "map_public_ip_on_launch": true,
            "outpost_arn": "",
            "owner_id": "579463923820",
            "private_dns_hostname_type_on_launch": "ip-name",
            "tags": {
              "Name": "weatherapp-subnet"
            },
            "tags_all": {
              "Name": "weatherapp-subnet"
            },
            "timeouts": null,
            "vpc_id": "vpc-090435532fc9ce007"
          },
          "sensitive_attributes": [],
          "identity_schema_version": 0,
          "private": "eyJlMmJmYjczMC1lY2FhLTExZTYtOGY4OC0zNDM2M2JjN2M0YzAiOnsiY3JlYXRlIjo2MDAwMDAwMDAwMDAsImRlbGV0ZSI6MTIwMDAwMDAwMDAwMH0sInNjaGVtYV92ZXJzaW9uIjoiMSJ9",
          "dependencies": [
            "aws_vpc.main"
          ]
        }
      ]
    },
    {
      "mode": "managed",
      "type": "aws_vpc",
      "name": "main",
      "provider": "provider[\"registry.terraform.io/hashicorp/aws\"]",
      "instances": [
        {
          "schema_version": 1,
          "attributes": {
            "arn": "arn:aws:ec2:eu-north-1:579463923820:vpc/vpc-090435532fc9ce007",
            "assign_generated_ipv6_cidr_block": false,
            "cidr_block": "10.0.0.0/16",
            "default_network_acl_id": "acl-00251492d59f2d9f8",
            "default_route_table_id": "rtb-0f73ae8bda5e97823",
            "default_security_group_id": "sg-0d9ef873f3d35e801",
            "dhcp_options_id": "dopt-0aaa84374b1f3879d",
            "enable_dns_hostnames": true,
            "enable_dns_support": true,
            "enable_network_address_usage_metrics": false,
            "id": "vpc-090435532fc9ce007",
            "instance_tenancy": "default",
            "ipv4_ipam_pool_id": null,
            "ipv4_netmask_length": null,
            "ipv6_association_id": "",
            "ipv6_cidr_block": "",
            "ipv6_cidr_block_network_border_group": "",
            "ipv6_ipam_pool_id": "",
            "ipv6_netmask_length": 0,
            "main_route_table_id": "rtb-0f73ae8bda5e97823",
            "owner_id": "579463923820",
            "tags": {
              "Name": "weatherapp-vpc"
            },
            "tags_all": {
              "Name": "weatherapp-vpc"
            }
          },
          "sensitive_attributes": [],
          "identity_schema_version": 0,
          "private": "eyJzY2hlbWFfdmVyc2lvbiI6IjEifQ=="
        }
      ]
    }
  ],
  "check_results": null
}
